
Microsoft Visual Studio Solution File, Format Version 12.00
# Visual Studio 15
VisualStudioVersion = 15.0.26403.0
MinimumVisualStudioVersion = 10.0.40219.1
Project("{FAE04EC0-301F-11D3-BF4B-00C04F79EFBC}") = "Telemetri_KBU", "Telemetri_KBU\Telemetri_KBU.csproj", "{A1CB5D46-C776-45AB-8CC9-4CBFE2142F5D}"
EndProject
Global
	GlobalSection(SolutionConfigurationPlatforms) = preSolution
		Debug|Any CPU = Debug|Any CPU
		Debug|x86 = Debug|x86
		Release|Any CPU = Release|Any CPU
		Release|x86 = Release|x86
	EndGlobalSection
	GlobalSection(ProjectConfigurationPlatforms) = postSolution
		{A1CB5D46-C776-45AB-8CC9-4CBFE2142F5D}.Debug|Any CPU.ActiveCfg = Debug|Any CPU
		{A1CB5D46-C776-45AB-8CC9-4CBFE2142F5D}.Debug|Any CPU.Build.0 = Debug|Any CPU
		{A1CB5D46-C776-45AB-8CC9-4CBFE2142F5D}.Debug|x86.ActiveCfg = Debug|x86
		{A1CB5D46-C776-45AB-8CC9-4CBFE2142F5D}.Debug|x86.Build.0 = Debug|x86
		{A1CB5D46-C776-45AB-8CC9-4CBFE2142F5D}.Release|Any CPU.ActiveCfg = Release|Any CPU
		{A1CB5D46-C776-45AB-8CC9-4CBFE2142F5D}.Release|Any CPU.Build.0 = Release|Any CPU
		{A1CB5D46-C776-45AB-8CC9-4CBFE2142F5D}.Release|x86.ActiveCfg = Release|x86
		{A1CB5D46-C776-45AB-8CC9-4CBFE2142F5D}.Release|x86.Build.0 = Release|x86
	EndGlobalSection
	GlobalSection(SolutionProperties) = preSolution
		HideSolutionNode = FALSE
	EndGlobalSection
	GlobalSection(ExtensibilityGlobals) = postSolution
		SolutionGuid = {14FB0546-1420-4690-8AC9-78769F8AC57F}
	EndGlobalSection
EndGlobal
